
Microsoft Visual Studio Solution File, Format Version 12.00
Project("{FAE04EC0-301F-11D3-BF4B-00C04F79EFBC}") = "CoverletGenericIssue", "CoverletGenericIssue\CoverletGenericIssue.csproj", "{492BFAE6-BDE0-4245-8657-2B72C551E46A}"
EndProject
Project("{FAE04EC0-301F-11D3-BF4B-00C04F79EFBC}") = "CoverletGenericIssue.Test", "CoverletGenericIssue.Test\CoverletGenericIssue.Test.csproj", "{2AE0B903-A27D-4D8E-9D21-EDF91EEBAC65}"
EndProject
Global
	GlobalSection(SolutionConfigurationPlatforms) = preSolution
		Debug|Any CPU = Debug|Any CPU
		Release|Any CPU = Release|Any CPU
	EndGlobalSection
	GlobalSection(ProjectConfigurationPlatforms) = postSolution
		{492BFAE6-BDE0-4245-8657-2B72C551E46A}.Debug|Any CPU.ActiveCfg = Debug|Any CPU
		{492BFAE6-BDE0-4245-8657-2B72C551E46A}.Debug|Any CPU.Build.0 = Debug|Any CPU
		{492BFAE6-BDE0-4245-8657-2B72C551E46A}.Release|Any CPU.ActiveCfg = Release|Any CPU
		{492BFAE6-BDE0-4245-8657-2B72C551E46A}.Release|Any CPU.Build.0 = Release|Any CPU
		{2AE0B903-A27D-4D8E-9D21-EDF91EEBAC65}.Debug|Any CPU.ActiveCfg = Debug|Any CPU
		{2AE0B903-A27D-4D8E-9D21-EDF91EEBAC65}.Debug|Any CPU.Build.0 = Debug|Any CPU
		{2AE0B903-A27D-4D8E-9D21-EDF91EEBAC65}.Release|Any CPU.ActiveCfg = Release|Any CPU
		{2AE0B903-A27D-4D8E-9D21-EDF91EEBAC65}.Release|Any CPU.Build.0 = Release|Any CPU
	EndGlobalSection
EndGlobal
